// !$*UTF8*$!
{
	archiveVersion = 1;
	classes = {
	};
	objectVersion = 46;
	objects = {

/* Begin PBXBuildFile section */
		688305A81C122CCA00566E97 /* AppDelegate.swift in Sources */ = {isa = PBXBuildFile; fileRef = 688305A71C122CCA00566E97 /* AppDelegate.swift */; };
		688305AA1C122CCA00566E97 /* ViewController.swift in Sources */ = {isa = PBXBuildFile; fileRef = 688305A91C122CCA00566E97 /* ViewController.swift */; };
		688305AD1C122CCA00566E97 /* Main.storyboard in Resources */ = {isa = PBXBuildFile; fileRef = 688305AB1C122CCA00566E97 /* Main.storyboard */; };
		688305AF1C122CCA00566E97 /* Assets.xcassets in Resources */ = {isa = PBXBuildFile; fileRef = 688305AE1C122CCA00566E97 /* Assets.xcassets */; };
		688305B21C122CCA00566E97 /* LaunchScreen.storyboard in Resources */ = {isa = PBXBuildFile; fileRef = 688305B01C122CCA00566E97 /* LaunchScreen.storyboard */; };
		688305B71C122CCA00566E97 /* Distress WatchKit App.app in Embed Watch Content */ = {isa = PBXBuildFile; fileRef = 688305B61C122CCA00566E97 /* Distress WatchKit App.app */; };
		688305BD1C122CCA00566E97 /* Interface.storyboard in Resources */ = {isa = PBXBuildFile; fileRef = 688305BB1C122CCA00566E97 /* Interface.storyboard */; };
		688305BF1C122CCA00566E97 /* Assets.xcassets in Resources */ = {isa = PBXBuildFile; fileRef = 688305BE1C122CCA00566E97 /* Assets.xcassets */; };
		688305C61C122CCA00566E97 /* Distress WatchKit Extension.appex in Embed App Extensions */ = {isa = PBXBuildFile; fileRef = 688305C51C122CCA00566E97 /* Distress WatchKit Extension.appex */; settings = {ATTRIBUTES = (RemoveHeadersOnCopy, ); }; };
		688305CB1C122CCA00566E97 /* InterfaceController.swift in Sources */ = {isa = PBXBuildFile; fileRef = 688305CA1C122CCA00566E97 /* InterfaceController.swift */; };
		688305CD1C122CCA00566E97 /* ExtensionDelegate.swift in Sources */ = {isa = PBXBuildFile; fileRef = 688305CC1C122CCA00566E97 /* ExtensionDelegate.swift */; };
		688305CF1C122CCA00566E97 /* Assets.xcassets in Resources */ = {isa = PBXBuildFile; fileRef = 688305CE1C122CCA00566E97 /* Assets.xcassets */; };
		688305E11C122E8C00566E97 /* CustomCVCell.swift in Sources */ = {isa = PBXBuildFile; fileRef = 688305E01C122E8C00566E97 /* CustomCVCell.swift */; };
		999EAB68906D328228599208 /* Pods.framework in Frameworks */ = {isa = PBXBuildFile; fileRef = F3B1AAB41D57DC45AC28FD8B /* Pods.framework */; };
		F77D36C91C16093200753C3E /* AddButtonVC.swift in Sources */ = {isa = PBXBuildFile; fileRef = F77D36C81C16093200753C3E /* AddButtonVC.swift */; };
		F77D36CD1C1609B300753C3E /* Parse.framework in Frameworks */ = {isa = PBXBuildFile; fileRef = F77D36CC1C1609B300753C3E /* Parse.framework */; };
		F77D36CF1C160A6200753C3E /* Bolts.framework in Frameworks */ = {isa = PBXBuildFile; fileRef = F77D36CE1C160A6200753C3E /* Bolts.framework */; };
		F77D36D11C160D5B00753C3E /* ButtonSingleton.swift in Sources */ = {isa = PBXBuildFile; fileRef = F77D36D01C160D5B00753C3E /* ButtonSingleton.swift */; };
/* End PBXBuildFile section */

/* Begin PBXContainerItemProxy section */
		688305B81C122CCA00566E97 /* PBXContainerItemProxy */ = {
			isa = PBXContainerItemProxy;
			containerPortal = 6883059C1C122CCA00566E97 /* Project object */;
			proxyType = 1;
			remoteGlobalIDString = 688305B51C122CCA00566E97;
			remoteInfo = "Distress WatchKit App";
		};
		688305C71C122CCA00566E97 /* PBXContainerItemProxy */ = {
			isa = PBXContainerItemProxy;
			containerPortal = 6883059C1C122CCA00566E97 /* Project object */;
			proxyType = 1;
			remoteGlobalIDString = 688305C41C122CCA00566E97;
			remoteInfo = "Distress WatchKit Extension";
		};
/* End PBXContainerItemProxy section */

/* Begin PBXCopyFilesBuildPhase section */
		688305D61C122CCA00566E97 /* Embed App Extensions */ = {
			isa = PBXCopyFilesBuildPhase;
			buildActionMask = 2147483647;
			dstPath = "";
			dstSubfolderSpec = 13;
			files = (
				688305C61C122CCA00566E97 /* Distress WatchKit Extension.appex in Embed App Extensions */,
			);
			name = "Embed App Extensions";
			runOnlyForDeploymentPostprocessing = 0;
		};
		688305DA1C122CCA00566E97 /* Embed Watch Content */ = {
			isa = PBXCopyFilesBuildPhase;
			buildActionMask = 2147483647;
			dstPath = "$(CONTENTS_FOLDER_PATH)/Watch";
			dstSubfolderSpec = 16;
			files = (
				688305B71C122CCA00566E97 /* Distress WatchKit App.app in Embed Watch Content */,
			);
			name = "Embed Watch Content";
			runOnlyForDeploymentPostprocessing = 0;
		};
/* End PBXCopyFilesBuildPhase section */

/* Begin PBXFileReference section */
		688305A41C122CCA00566E97 /* Distress.app */ = {isa = PBXFileReference; explicitFileType = wrapper.application; includeInIndex = 0; path = Distress.app; sourceTree = BUILT_PRODUCTS_DIR; };
		688305A71C122CCA00566E97 /* AppDelegate.swift */ = {isa = PBXFileReference; lastKnownFileType = sourcecode.swift; path = AppDelegate.swift; sourceTree = "<group>"; };
		688305A91C122CCA00566E97 /* ViewController.swift */ = {isa = PBXFileReference; lastKnownFileType = sourcecode.swift; path = ViewController.swift; sourceTree = "<group>"; };
		688305AC1C122CCA00566E97 /* Base */ = {isa = PBXFileReference; lastKnownFileType = file.storyboard; name = Base; path = Base.lproj/Main.storyboard; sourceTree = "<group>"; };
		688305AE1C122CCA00566E97 /* Assets.xcassets */ = {isa = PBXFileReference; lastKnownFileType = folder.assetcatalog; path = Assets.xcassets; sourceTree = "<group>"; };
		688305B11C122CCA00566E97 /* Base */ = {isa = PBXFileReference; lastKnownFileType = file.storyboard; name = Base; path = Base.lproj/LaunchScreen.storyboard; sourceTree = "<group>"; };
		688305B31C122CCA00566E97 /* Info.plist */ = {isa = PBXFileReference; lastKnownFileType = text.plist.xml; path = Info.plist; sourceTree = "<group>"; };
		688305B61C122CCA00566E97 /* Distress WatchKit App.app */ = {isa = PBXFileReference; explicitFileType = wrapper.application; includeInIndex = 0; path = "Distress WatchKit App.app"; sourceTree = BUILT_PRODUCTS_DIR; };
		688305BC1C122CCA00566E97 /* Base */ = {isa = PBXFileReference; lastKnownFileType = file.storyboard; name = Base; path = Base.lproj/Interface.storyboard; sourceTree = "<group>"; };
		688305BE1C122CCA00566E97 /* Assets.xcassets */ = {isa = PBXFileReference; lastKnownFileType = folder.assetcatalog; path = Assets.xcassets; sourceTree = "<group>"; };
		688305C01C122CCA00566E97 /* Info.plist */ = {isa = PBXFileReference; lastKnownFileType = text.plist.xml; path = Info.plist; sourceTree = "<group>"; };
		688305C51C122CCA00566E97 /* Distress WatchKit Extension.appex */ = {isa = PBXFileReference; explicitFileType = "wrapper.app-extension"; includeInIndex = 0; path = "Distress WatchKit Extension.appex"; sourceTree = BUILT_PRODUCTS_DIR; };
		688305CA1C122CCA00566E97 /* InterfaceController.swift */ = {isa = PBXFileReference; lastKnownFileType = sourcecode.swift; path = InterfaceController.swift; sourceTree = "<group>"; };
		688305CC1C122CCA00566E97 /* ExtensionDelegate.swift */ = {isa = PBXFileReference; lastKnownFileType = sourcecode.swift; path = ExtensionDelegate.swift; sourceTree = "<group>"; };
		688305CE1C122CCA00566E97 /* Assets.xcassets */ = {isa = PBXFileReference; lastKnownFileType = folder.assetcatalog; path = Assets.xcassets; sourceTree = "<group>"; };
		688305D01C122CCA00566E97 /* Info.plist */ = {isa = PBXFileReference; lastKnownFileType = text.plist.xml; path = Info.plist; sourceTree = "<group>"; };
		688305E01C122E8C00566E97 /* CustomCVCell.swift */ = {isa = PBXFileReference; fileEncoding = 4; lastKnownFileType = sourcecode.swift; path = CustomCVCell.swift; sourceTree = "<group>"; };
		8A50EE447731F93C87960079 /* Pods.release.xcconfig */ = {isa = PBXFileReference; includeInIndex = 1; lastKnownFileType = text.xcconfig; name = Pods.release.xcconfig; path = "Pods/Target Support Files/Pods/Pods.release.xcconfig"; sourceTree = "<group>"; };
		F3B1AAB41D57DC45AC28FD8B /* Pods.framework */ = {isa = PBXFileReference; explicitFileType = wrapper.framework; includeInIndex = 0; path = Pods.framework; sourceTree = BUILT_PRODUCTS_DIR; };
		F77D36C81C16093200753C3E /* AddButtonVC.swift */ = {isa = PBXFileReference; fileEncoding = 4; lastKnownFileType = sourcecode.swift; path = AddButtonVC.swift; sourceTree = "<group>"; };
		F77D36CC1C1609B300753C3E /* Parse.framework */ = {isa = PBXFileReference; lastKnownFileType = wrapper.framework; name = Parse.framework; path = "Pods/../build/Debug-iphoneos/Parse.framework"; sourceTree = "<group>"; };
		F77D36CE1C160A6200753C3E /* Bolts.framework */ = {isa = PBXFileReference; lastKnownFileType = wrapper.framework; name = Bolts.framework; path = "Pods/../build/Debug-iphoneos/Bolts.framework"; sourceTree = "<group>"; };
		F77D36D01C160D5B00753C3E /* ButtonSingleton.swift */ = {isa = PBXFileReference; fileEncoding = 4; lastKnownFileType = sourcecode.swift; path = ButtonSingleton.swift; sourceTree = "<group>"; };
		F9CE037A8E60C94F059AEA56 /* Pods.debug.xcconfig */ = {isa = PBXFileReference; includeInIndex = 1; lastKnownFileType = text.xcconfig; name = Pods.debug.xcconfig; path = "Pods/Target Support Files/Pods/Pods.debug.xcconfig"; sourceTree = "<group>"; };
/* End PBXFileReference section */

/* Begin PBXFrameworksBuildPhase section */
		688305A11C122CCA00566E97 /* Frameworks */ = {
			isa = PBXFrameworksBuildPhase;
			buildActionMask = 2147483647;
			files = (
				F77D36CF1C160A6200753C3E /* Bolts.framework in Frameworks */,
				F77D36CD1C1609B300753C3E /* Parse.framework in Frameworks */,
				999EAB68906D328228599208 /* Pods.framework in Frameworks */,
			);
			runOnlyForDeploymentPostprocessing = 0;
		};
		688305C21C122CCA00566E97 /* Frameworks */ = {
			isa = PBXFrameworksBuildPhase;
			buildActionMask = 2147483647;
			files = (
			);
			runOnlyForDeploymentPostprocessing = 0;
		};
/* End PBXFrameworksBuildPhase section */

/* Begin PBXGroup section */
		6883059B1C122CCA00566E97 = {
			isa = PBXGroup;
			children = (
				688305A61C122CCA00566E97 /* Distress */,
				688305BA1C122CCA00566E97 /* Distress WatchKit App */,
				688305C91C122CCA00566E97 /* Distress WatchKit Extension */,
				688305A51C122CCA00566E97 /* Products */,
				B36251328AD55D42BBFD2A35 /* Pods */,
				8D23133FFFAD90DBE7FFFBB0 /* Frameworks */,
			);
			sourceTree = "<group>";
		};
		688305A51C122CCA00566E97 /* Products */ = {
			isa = PBXGroup;
			children = (
				688305A41C122CCA00566E97 /* Distress.app */,
				688305B61C122CCA00566E97 /* Distress WatchKit App.app */,
				688305C51C122CCA00566E97 /* Distress WatchKit Extension.appex */,
			);
			name = Products;
			sourceTree = "<group>";
		};
		688305A61C122CCA00566E97 /* Distress */ = {
			isa = PBXGroup;
			children = (
				688305A71C122CCA00566E97 /* AppDelegate.swift */,
				688305A91C122CCA00566E97 /* ViewController.swift */,
				688305AB1C122CCA00566E97 /* Main.storyboard */,
				688305AE1C122CCA00566E97 /* Assets.xcassets */,
				F77D36C81C16093200753C3E /* AddButtonVC.swift */,
				688305B01C122CCA00566E97 /* LaunchScreen.storyboard */,
				688305B31C122CCA00566E97 /* Info.plist */,
				F77D36D01C160D5B00753C3E /* ButtonSingleton.swift */,
				688305E01C122E8C00566E97 /* CustomCVCell.swift */,
			);
			path = Distress;
			sourceTree = "<group>";
		};
		688305BA1C122CCA00566E97 /* Distress WatchKit App */ = {
			isa = PBXGroup;
			children = (
				688305BB1C122CCA00566E97 /* Interface.storyboard */,
				688305BE1C122CCA00566E97 /* Assets.xcassets */,
				688305C01C122CCA00566E97 /* Info.plist */,
			);
			path = "Distress WatchKit App";
			sourceTree = "<group>";
		};
		688305C91C122CCA00566E97 /* Distress WatchKit Extension */ = {
			isa = PBXGroup;
			children = (
				688305CA1C122CCA00566E97 /* InterfaceController.swift */,
				688305CC1C122CCA00566E97 /* ExtensionDelegate.swift */,
				688305CE1C122CCA00566E97 /* Assets.xcassets */,
				688305D01C122CCA00566E97 /* Info.plist */,
			);
			path = "Distress WatchKit Extension";
			sourceTree = "<group>";
		};
		8D23133FFFAD90DBE7FFFBB0 /* Frameworks */ = {
			isa = PBXGroup;
			children = (
				F77D36CE1C160A6200753C3E /* Bolts.framework */,
				F77D36CC1C1609B300753C3E /* Parse.framework */,
				F3B1AAB41D57DC45AC28FD8B /* Pods.framework */,
			);
			name = Frameworks;
			sourceTree = "<group>";
		};
		B36251328AD55D42BBFD2A35 /* Pods */ = {
			isa = PBXGroup;
			children = (
				F9CE037A8E60C94F059AEA56 /* Pods.debug.xcconfig */,
				8A50EE447731F93C87960079 /* Pods.release.xcconfig */,
			);
			name = Pods;
			sourceTree = "<group>";
		};
/* End PBXGroup section */

/* Begin PBXNativeTarget section */
		688305A31C122CCA00566E97 /* Distress */ = {
			isa = PBXNativeTarget;
			buildConfigurationList = 688305DB1C122CCA00566E97 /* Build configuration list for PBXNativeTarget "Distress" */;
			buildPhases = (
				C4AA59A1D7D8EC21FFBC3AB8 /* Check Pods Manifest.lock */,
				688305A01C122CCA00566E97 /* Sources */,
				688305A11C122CCA00566E97 /* Frameworks */,
				688305A21C122CCA00566E97 /* Resources */,
				688305DA1C122CCA00566E97 /* Embed Watch Content */,
				C962BE77A32A777C58D362D3 /* Embed Pods Frameworks */,
				1A73B943299E19DEA2C7149E /* Copy Pods Resources */,
			);
			buildRules = (
			);
			dependencies = (
				688305B91C122CCA00566E97 /* PBXTargetDependency */,
			);
			name = Distress;
			productName = Distress;
			productReference = 688305A41C122CCA00566E97 /* Distress.app */;
			productType = "com.apple.product-type.application";
		};
		688305B51C122CCA00566E97 /* Distress WatchKit App */ = {
			isa = PBXNativeTarget;
			buildConfigurationList = 688305D71C122CCA00566E97 /* Build configuration list for PBXNativeTarget "Distress WatchKit App" */;
			buildPhases = (
				688305B41C122CCA00566E97 /* Resources */,
				688305D61C122CCA00566E97 /* Embed App Extensions */,
			);
			buildRules = (
			);
			dependencies = (
				688305C81C122CCA00566E97 /* PBXTargetDependency */,
			);
			name = "Distress WatchKit App";
			productName = "Distress WatchKit App";
			productReference = 688305B61C122CCA00566E97 /* Distress WatchKit App.app */;
			productType = "com.apple.product-type.application.watchapp2";
		};
		688305C41C122CCA00566E97 /* Distress WatchKit Extension */ = {
			isa = PBXNativeTarget;
			buildConfigurationList = 688305D31C122CCA00566E97 /* Build configuration list for PBXNativeTarget "Distress WatchKit Extension" */;
			buildPhases = (
				688305C11C122CCA00566E97 /* Sources */,
				688305C21C122CCA00566E97 /* Frameworks */,
				688305C31C122CCA00566E97 /* Resources */,
			);
			buildRules = (
			);
			dependencies = (
			);
			name = "Distress WatchKit Extension";
			productName = "Distress WatchKit Extension";
			productReference = 688305C51C122CCA00566E97 /* Distress WatchKit Extension.appex */;
			productType = "com.apple.product-type.watchkit2-extension";
		};
/* End PBXNativeTarget section */

/* Begin PBXProject section */
		6883059C1C122CCA00566E97 /* Project object */ = {
			isa = PBXProject;
			attributes = {
				LastSwiftUpdateCheck = 0710;
				LastUpgradeCheck = 0710;
				ORGANIZATIONNAME = awesomefat;
				TargetAttributes = {
					688305A31C122CCA00566E97 = {
						CreatedOnToolsVersion = 7.1;
					};
					688305B51C122CCA00566E97 = {
						CreatedOnToolsVersion = 7.1;
					};
					688305C41C122CCA00566E97 = {
						CreatedOnToolsVersion = 7.1;
					};
				};
			};
			buildConfigurationList = 6883059F1C122CCA00566E97 /* Build configuration list for PBXProject "Distress" */;
			compatibilityVersion = "Xcode 3.2";
			developmentRegion = English;
			hasScannedForEncodings = 0;
			knownRegions = (
				en,
				Base,
			);
			mainGroup = 6883059B1C122CCA00566E97;
			productRefGroup = 688305A51C122CCA00566E97 /* Products */;
			projectDirPath = "";
			projectRoot = "";
			targets = (
				688305A31C122CCA00566E97 /* Distress */,
				688305B51C122CCA00566E97 /* Distress WatchKit App */,
				688305C41C122CCA00566E97 /* Distress WatchKit Extension */,
			);
		};
/* End PBXProject section */

/* Begin PBXResourcesBuildPhase section */
		688305A21C122CCA00566E97 /* Resources */ = {
			isa = PBXResourcesBuildPhase;
			buildActionMask = 2147483647;
			files = (
				688305B21C122CCA00566E97 /* LaunchScreen.storyboard in Resources */,
				688305AF1C122CCA00566E97 /* Assets.xcassets in Resources */,
				688305AD1C122CCA00566E97 /* Main.storyboard in Resources */,
			);
			runOnlyForDeploymentPostprocessing = 0;
		};
		688305B41C122CCA00566E97 /* Resources */ = {
			isa = PBXResourcesBuildPhase;
			buildActionMask = 2147483647;
			files = (
				688305BF1C122CCA00566E97 /* Assets.xcassets in Resources */,
				688305BD1C122CCA00566E97 /* Interface.storyboard in Resources */,
			);
			runOnlyForDeploymentPostprocessing = 0;
		};
		688305C31C122CCA00566E97 /* Resources */ = {
			isa = PBXResourcesBuildPhase;
			buildActionMask = 2147483647;
			files = (
				688305CF1C122CCA00566E97 /* Assets.xcassets in Resources */,
			);
			runOnlyForDeploymentPostprocessing = 0;
		};
/* End PBXResourcesBuildPhase section */

/* Begin PBXShellScriptBuildPhase section */
		1A73B943299E19DEA2C7149E /* Copy Pods Resources */ = {
			isa = PBXShellScriptBuildPhase;
			buildActionMask = 2147483647;
			files = (
			);
			inputPaths = (
			);
			name = "Copy Pods Resources";
			outputPaths = (
			);
			runOnlyForDeploymentPostprocessing = 0;
			shellPath = /bin/sh;
			shellScript = "\"${SRCROOT}/Pods/Target Support Files/Pods/Pods-resources.sh\"\n";
			showEnvVarsInLog = 0;
		};
		C4AA59A1D7D8EC21FFBC3AB8 /* Check Pods Manifest.lock */ = {
			isa = PBXShellScriptBuildPhase;
			buildActionMask = 2147483647;
			files = (
			);
			inputPaths = (
			);
			name = "Check Pods Manifest.lock";
			outputPaths = (
			);
			runOnlyForDeploymentPostprocessing = 0;
			shellPath = /bin/sh;
			shellScript = "diff \"${PODS_ROOT}/../Podfile.lock\" \"${PODS_ROOT}/Manifest.lock\" > /dev/null\nif [[ $? != 0 ]] ; then\n    cat << EOM\nerror: The sandbox is not in sync with the Podfile.lock. Run 'pod install' or update your CocoaPods installation.\nEOM\n    exit 1\nfi\n";
			showEnvVarsInLog = 0;
		};
		C962BE77A32A777C58D362D3 /* Embed Pods Frameworks */ = {
			isa = PBXShellScriptBuildPhase;
			buildActionMask = 2147483647;
			files = (
			);
			inputPaths = (
			);
			name = "Embed Pods Frameworks";
			outputPaths = (
			);
			runOnlyForDeploymentPostprocessing = 0;
			shellPath = /bin/sh;
			shellScript = "\"${SRCROOT}/Pods/Target Support Files/Pods/Pods-frameworks.sh\"\n";
			showEnvVarsInLog = 0;
		};
/* End PBXShellScriptBuildPhase section */

/* Begin PBXSourcesBuildPhase section */
		688305A01C122CCA00566E97 /* Sources */ = {
			isa = PBXSourcesBuildPhase;
			buildActionMask = 2147483647;
			files = (
				688305E11C122E8C00566E97 /* CustomCVCell.swift in Sources */,
				688305AA1C122CCA00566E97 /* ViewController.swift in Sources */,
				F77D36C91C16093200753C3E /* AddButtonVC.swift in Sources */,
				F77D36D11C160D5B00753C3E /* ButtonSingleton.swift in Sources */,
				688305A81C122CCA00566E97 /* AppDelegate.swift in Sources */,
			);
			runOnlyForDeploymentPostprocessing = 0;
		};
		688305C11C122CCA00566E97 /* Sources */ = {
			isa = PBXSourcesBuildPhase;
			buildActionMask = 2147483647;
			files = (
				688305CD1C122CCA00566E97 /* ExtensionDelegate.swift in Sources */,
				688305CB1C122CCA00566E97 /* InterfaceController.swift in Sources */,
			);
			runOnlyForDeploymentPostprocessing = 0;
		};
/* End PBXSourcesBuildPhase section */

/* Begin PBXTargetDependency section */
		688305B91C122CCA00566E97 /* PBXTargetDependency */ = {
			isa = PBXTargetDependency;
			target = 688305B51C122CCA00566E97 /* Distress WatchKit App */;
			targetProxy = 688305B81C122CCA00566E97 /* PBXContainerItemProxy */;
		};
		688305C81C122CCA00566E97 /* PBXTargetDependency */ = {
			isa = PBXTargetDependency;
			target = 688305C41C122CCA00566E97 /* Distress WatchKit Extension */;
			targetProxy = 688305C71C122CCA00566E97 /* PBXContainerItemProxy */;
		};
/* End PBXTargetDependency section */

/* Begin PBXVariantGroup section */
		688305AB1C122CCA00566E97 /* Main.storyboard */ = {
			isa = PBXVariantGroup;
			children = (
				688305AC1C122CCA00566E97 /* Base */,
			);
			name = Main.storyboard;
			sourceTree = "<group>";
		};
		688305B01C122CCA00566E97 /* LaunchScreen.storyboard */ = {
			isa = PBXVariantGroup;
			children = (
				688305B11C122CCA00566E97 /* Base */,
			);
			name = LaunchScreen.storyboard;
			sourceTree = "<group>";
		};
		688305BB1C122CCA00566E97 /* Interface.storyboard */ = {
			isa = PBXVariantGroup;
			children = (
				688305BC1C122CCA00566E97 /* Base */,
			);
			name = Interface.storyboard;
			sourceTree = "<group>";
		};
/* End PBXVariantGroup section */

/* Begin XCBuildConfiguration section */
		688305D11C122CCA00566E97 /* Debug */ = {
			isa = XCBuildConfiguration;
			buildSettings = {
				ALWAYS_SEARCH_USER_PATHS = NO;
				CLANG_CXX_LANGUAGE_STANDARD = "gnu++0x";
				CLANG_CXX_LIBRARY = "libc++";
				CLANG_ENABLE_MODULES = YES;
				CLANG_ENABLE_OBJC_ARC = YES;
				CLANG_WARN_BOOL_CONVERSION = YES;
				CLANG_WARN_CONSTANT_CONVERSION = YES;
				CLANG_WARN_DIRECT_OBJC_ISA_USAGE = YES_ERROR;
				CLANG_WARN_EMPTY_BODY = YES;
				CLANG_WARN_ENUM_CONVERSION = YES;
				CLANG_WARN_INT_CONVERSION = YES;
				CLANG_WARN_OBJC_ROOT_CLASS = YES_ERROR;
				CLANG_WARN_UNREACHABLE_CODE = YES;
				CLANG_WARN__DUPLICATE_METHOD_MATCH = YES;
				"CODE_SIGN_IDENTITY[sdk=iphoneos*]" = "iPhone Developer";
				COPY_PHASE_STRIP = NO;
				DEBUG_INFORMATION_FORMAT = dwarf;
				ENABLE_STRICT_OBJC_MSGSEND = YES;
				ENABLE_TESTABILITY = YES;
				GCC_C_LANGUAGE_STANDARD = gnu99;
				GCC_DYNAMIC_NO_PIC = NO;
				GCC_NO_COMMON_BLOCKS = YES;
				GCC_OPTIMIZATION_LEVEL = 0;
				GCC_PREPROCESSOR_DEFINITIONS = (
					"DEBUG=1",
					"$(inherited)",
				);
				GCC_WARN_64_TO_32_BIT_CONVERSION = YES;
				GCC_WARN_ABOUT_RETURN_TYPE = YES_ERROR;
				GCC_WARN_UNDECLARED_SELECTOR = YES;
				GCC_WARN_UNINITIALIZED_AUTOS = YES_AGGRESSIVE;
				GCC_WARN_UNUSED_FUNCTION = YES;
				GCC_WARN_UNUSED_VARIABLE = YES;
				IPHONEOS_DEPLOYMENT_TARGET = 9.1;
				MTL_ENABLE_DEBUG_INFO = YES;
				ONLY_ACTIVE_ARCH = YES;
				SDKROOT = iphoneos;
				SWIFT_OPTIMIZATION_LEVEL = "-Onone";
			};
			name = Debug;
		};
		688305D21C122CCA00566E97 /* Release */ = {
			isa = XCBuildConfiguration;
			buildSettings = {
				ALWAYS_SEARCH_USER_PATHS = NO;
				CLANG_CXX_LANGUAGE_STANDARD = "gnu++0x";
				CLANG_CXX_LIBRARY = "libc++";
				CLANG_ENABLE_MODULES = YES;
				CLANG_ENABLE_OBJC_ARC = YES;
				CLANG_WARN_BOOL_CONVERSION = YES;
				CLANG_WARN_CONSTANT_CONVERSION = YES;
				CLANG_WARN_DIRECT_OBJC_ISA_USAGE = YES_ERROR;
				CLANG_WARN_EMPTY_BODY = YES;
				CLANG_WARN_ENUM_CONVERSION = YES;
				CLANG_WARN_INT_CONVERSION = YES;
				CLANG_WARN_OBJC_ROOT_CLASS = YES_ERROR;
				CLANG_WARN_UNREACHABLE_CODE = YES;
				CLANG_WARN__DUPLICATE_METHOD_MATCH = YES;
				"CODE_SIGN_IDENTITY[sdk=iphoneos*]" = "iPhone Developer";
				COPY_PHASE_STRIP = NO;
				DEBUG_INFORMATION_FORMAT = "dwarf-with-dsym";
				ENABLE_NS_ASSERTIONS = NO;
				ENABLE_STRICT_OBJC_MSGSEND = YES;
				GCC_C_LANGUAGE_STANDARD = gnu99;
				GCC_NO_COMMON_BLOCKS = YES;
				GCC_WARN_64_TO_32_BIT_CONVERSION = YES;
				GCC_WARN_ABOUT_RETURN_TYPE = YES_ERROR;
				GCC_WARN_UNDECLARED_SELECTOR = YES;
				GCC_WARN_UNINITIALIZED_AUTOS = YES_AGGRESSIVE;
				GCC_WARN_UNUSED_FUNCTION = YES;
				GCC_WARN_UNUSED_VARIABLE = YES;
				IPHONEOS_DEPLOYMENT_TARGET = 9.1;
				MTL_ENABLE_DEBUG_INFO = NO;
				SDKROOT = iphoneos;
				VALIDATE_PRODUCT = YES;
			};
			name = Release;
		};
		688305D41C122CCA00566E97 /* Debug */ = {
			isa = XCBuildConfiguration;
			buildSettings = {
				INFOPLIST_FILE = "Distress WatchKit Extension/Info.plist";
				LD_RUNPATH_SEARCH_PATHS = "$(inherited) @executable_path/Frameworks @executable_path/../../Frameworks";
				PRODUCT_BUNDLE_IDENTIFIER = com.awesomefat.Distress.watchkitapp.watchkitextension;
				PRODUCT_NAME = "${TARGET_NAME}";
				SDKROOT = watchos;
				SKIP_INSTALL = YES;
				TARGETED_DEVICE_FAMILY = 4;
				WATCHOS_DEPLOYMENT_TARGET = 2.0;
			};
			name = Debug;
		};
		688305D51C122CCA00566E97 /* Release */ = {
			isa = XCBuildConfiguration;
			buildSettings = {
				INFOPLIST_FILE = "Distress WatchKit Extension/Info.plist";
				LD_RUNPATH_SEARCH_PATHS = "$(inherited) @executable_path/Frameworks @executable_path/../../Frameworks";
				PRODUCT_BUNDLE_IDENTIFIER = com.awesomefat.Distress.watchkitapp.watchkitextension;
				PRODUCT_NAME = "${TARGET_NAME}";
				SDKROOT = watchos;
				SKIP_INSTALL = YES;
				TARGETED_DEVICE_FAMILY = 4;
				WATCHOS_DEPLOYMENT_TARGET = 2.0;
			};
			name = Release;
		};
		688305D81C122CCA00566E97 /* Debug */ = {
			isa = XCBuildConfiguration;
			buildSettings = {
				ASSETCATALOG_COMPILER_APPICON_NAME = AppIcon;
				EMBEDDED_CONTENT_CONTAINS_SWIFT = YES;
				IBSC_MODULE = Distress_WatchKit_Extension;
				INFOPLIST_FILE = "Distress WatchKit App/Info.plist";
				PRODUCT_BUNDLE_IDENTIFIER = com.awesomefat.Distress.watchkitapp;
				PRODUCT_NAME = "$(TARGET_NAME)";
				SDKROOT = watchos;
				SKIP_INSTALL = YES;
				TARGETED_DEVICE_FAMILY = 4;
				WATCHOS_DEPLOYMENT_TARGET = 2.0;
			};
			name = Debug;
		};
		688305D91C122CCA00566E97 /* Release */ = {
			isa = XCBuildConfiguration;
			buildSettings = {
				ASSETCATALOG_COMPILER_APPICON_NAME = AppIcon;
				EMBEDDED_CONTENT_CONTAINS_SWIFT = YES;
				IBSC_MODULE = Distress_WatchKit_Extension;
				INFOPLIST_FILE = "Distress WatchKit App/Info.plist";
				PRODUCT_BUNDLE_IDENTIFIER = com.awesomefat.Distress.watchkitapp;
				PRODUCT_NAME = "$(TARGET_NAME)";
				SDKROOT = watchos;
				SKIP_INSTALL = YES;
				TARGETED_DEVICE_FAMILY = 4;
				WATCHOS_DEPLOYMENT_TARGET = 2.0;
			};
			name = Release;
		};
		688305DC1C122CCA00566E97 /* Debug */ = {
			isa = XCBuildConfiguration;
			baseConfigurationReference = F9CE037A8E60C94F059AEA56 /* Pods.debug.xcconfig */;
			buildSettings = {
				ASSETCATALOG_COMPILER_APPICON_NAME = AppIcon;
				FRAMEWORK_SEARCH_PATHS = (
					"$(inherited)",
					"$(PROJECT_DIR)/build/Debug-iphoneos",
				);
				INFOPLIST_FILE = Distress/Info.plist;
				LD_RUNPATH_SEARCH_PATHS = "$(inherited) @executable_path/Frameworks";
				PRODUCT_BUNDLE_IDENTIFIER = com.awesomefat.Distress;
				PRODUCT_NAME = "$(TARGET_NAME)";
			};
			name = Debug;
		};
		688305DD1C122CCA00566E97 /* Release */ = {
			isa = XCBuildConfiguration;
			baseConfigurationReference = 8A50EE447731F93C87960079 /* Pods.release.xcconfig */;
			buildSettings = {
				ASSETCATALOG_COMPILER_APPICON_NAME = AppIcon;
				FRAMEWORK_SEARCH_PATHS = (
					"$(inherited)",
					"$(PROJECT_DIR)/build/Debug-iphoneos",
				);
				INFOPLIST_FILE = Distress/Info.plist;
				LD_RUNPATH_SEARCH_PATHS = "$(inherited) @executable_path/Frameworks";
				PRODUCT_BUNDLE_IDENTIFIER = com.awesomefat.Distress;
				PRODUCT_NAME = "$(TARGET_NAME)";
			};
			name = Release;
		};
/* End XCBuildConfiguration section */

/* Begin XCConfigurationList section */
		6883059F1C122CCA00566E97 /* Build configuration list for PBXProject "Distress" */ = {
			isa = XCConfigurationList;
			buildConfigurations = (
				688305D11C122CCA00566E97 /* Debug */,
				688305D21C122CCA00566E97 /* Release */,
			);
			defaultConfigurationIsVisible = 0;
			defaultConfigurationName = Release;
		};
		688305D31C122CCA00566E97 /* Build configuration list for PBXNativeTarget "Distress WatchKit Extension" */ = {
			isa = XCConfigurationList;
			buildConfigurations = (
				688305D41C122CCA00566E97 /* Debug */,
				688305D51C122CCA00566E97 /* Release */,
			);
			defaultConfigurationIsVisible = 0;
			defaultConfigurationName = Release;
		};
		688305D71C122CCA00566E97 /* Build configuration list for PBXNativeTarget "Distress WatchKit App" */ = {
			isa = XCConfigurationList;
			buildConfigurations = (
				688305D81C122CCA00566E97 /* Debug */,
				688305D91C122CCA00566E97 /* Release */,
			);
			defaultConfigurationIsVisible = 0;
			defaultConfigurationName = Release;
		};
		688305DB1C122CCA00566E97 /* Build configuration list for PBXNativeTarget "Distress" */ = {
			isa = XCConfigurationList;
			buildConfigurations = (
				688305DC1C122CCA00566E97 /* Debug */,
				688305DD1C122CCA00566E97 /* Release */,
			);
			defaultConfigurationIsVisible = 0;
			defaultConfigurationName = Release;
		};
/* End XCConfigurationList section */
	};
	rootObject = 6883059C1C122CCA00566E97 /* Project object */;
}
